
Microsoft Visual Studio Solution File, Format Version 12.00
# Visual Studio Version 17
VisualStudioVersion = 17.0.32112.339
MinimumVisualStudioVersion = 10.0.40219.1
Project("{2150E333-8FDC-42A3-9474-1A3956D46DE8}") = "1_Presentation", "1_Presentation", "{86388276-ABDA-4031-BA9B-620D4E607335}"
EndProject
Project("{2150E333-8FDC-42A3-9474-1A3956D46DE8}") = "2_Application", "2_Application", "{EF3B3DB1-832E-4620-8120-EFFFB3D27170}"
EndProject
Project("{2150E333-8FDC-42A3-9474-1A3956D46DE8}") = "3_Core", "3_Core", "{AB0A1974-2D33-44E1-BE11-880B1785B2F1}"
EndProject
Project("{2150E333-8FDC-42A3-9474-1A3956D46DE8}") = "4_Services", "4_Services", "{0A123D43-20AF-412B-A0CF-0746CDDE582B}"
EndProject
Project("{2150E333-8FDC-42A3-9474-1A3956D46DE8}") = "5_Infrastructure", "5_Infrastructure", "{384C2530-6160-4E82-864C-42899F10A6E7}"
EndProject
Project("{2150E333-8FDC-42A3-9474-1A3956D46DE8}") = "6_Tests", "6_Tests", "{E6EA9AAA-4027-445F-A004-4E1CEFE8017F}"
EndProject
Project("{2150E333-8FDC-42A3-9474-1A3956D46DE8}") = "1_Console", "1_Console", "{78B21DDB-8C11-40A2-9FCD-E335AE690CCB}"
EndProject
Project("{9A19103F-16F7-4668-BE54-9A1E7A4F7556}") = "PGVaxBook.Presentation.Console", "PGVaxBook.Presentation.Console\PGVaxBook.Presentation.Console.csproj", "{CF5A2484-F53B-4EB7-9C60-2603F4C5F8B4}"
EndProject
Project("{2150E333-8FDC-42A3-9474-1A3956D46DE8}") = "1_Services", "1_Services", "{CF9F976C-DB39-4BEB-B009-EED205A610C6}"
EndProject
Project("{2150E333-8FDC-42A3-9474-1A3956D46DE8}") = "2_Messages", "2_Messages", "{450EB97D-7293-40F3-AC78-EAE0EECD2E46}"
EndProject
Project("{2150E333-8FDC-42A3-9474-1A3956D46DE8}") = "3_Dtos", "3_Dtos", "{F0AA4761-74D1-4393-88FF-670776E86446}"
EndProject
Project("{9A19103F-16F7-4668-BE54-9A1E7A4F7556}") = "PGVaxBook.Core.Domain", "PGVaxBook.Core.Domain\PGVaxBook.Core.Domain.csproj", "{3C40EB73-3FA7-4045-8A16-D4813F7421B7}"
EndProject
Project("{9A19103F-16F7-4668-BE54-9A1E7A4F7556}") = "PGVaxBook.Services", "PGVaxBook.Services\PGVaxBook.Services.csproj", "{1BDF1299-B325-4F89-A984-3C2F0CA9D6C0}"
EndProject
Project("{2150E333-8FDC-42A3-9474-1A3956D46DE8}") = "1_Presentation", "1_Presentation", "{7294E43F-22EB-4402-9151-2C79FEA953B7}"
EndProject
Project("{9A19103F-16F7-4668-BE54-9A1E7A4F7556}") = "PGVaxBook.Presentation.Console.UnitTests", "PGVaxBook.Presentation.Console.UnitTests\PGVaxBook.Presentation.Console.UnitTests.csproj", "{0250EC8B-C15B-4179-A60F-DBEA12223B95}"
EndProject
Project("{2150E333-8FDC-42A3-9474-1A3956D46DE8}") = "2_Application", "2_Application", "{3BFFB893-34F3-4FCF-A459-6D254C00A340}"
EndProject
Project("{9A19103F-16F7-4668-BE54-9A1E7A4F7556}") = "PGVaxBook.ApplicationService", "PGVaxBook.ApplicationService\PGVaxBook.ApplicationService.csproj", "{071BAD14-BCB7-4E4F-BAF1-CD184995D64E}"
EndProject
Project("{9A19103F-16F7-4668-BE54-9A1E7A4F7556}") = "PGVaxBook.Messages", "PGVaxBook.Messages\PGVaxBook.Messages.csproj", "{48D12CBD-BC01-42C9-958E-4C0DE379D650}"
EndProject
Project("{9A19103F-16F7-4668-BE54-9A1E7A4F7556}") = "PGVaxBook.ApplicationService.UnitTests", "PGVaxBook.ApplicationService.UnitTests\PGVaxBook.ApplicationService.UnitTests.csproj", "{8B3011A6-363B-4868-9F13-2FA7C49683BC}"
EndProject
Project("{2150E333-8FDC-42A3-9474-1A3956D46DE8}") = "4_Services", "4_Services", "{8262046A-0E04-4D07-8464-C2DBAA219B03}"
EndProject
Project("{9A19103F-16F7-4668-BE54-9A1E7A4F7556}") = "PGVaxBook.Services.UnitTests", "PGVaxBook.Services.UnitTests\PGVaxBook.Services.UnitTests.csproj", "{7BA32EE1-D0F1-4E2F-97E8-647760B2D97D}"
EndProject
Project("{2150E333-8FDC-42A3-9474-1A3956D46DE8}") = "1_DI", "1_DI", "{A1F17755-3DB3-4440-9A83-3B02703698C7}"
EndProject
Project("{9A19103F-16F7-4668-BE54-9A1E7A4F7556}") = "PGVaxBook.DI", "PGVaxBook.DI\PGVaxBook.DI.csproj", "{472F453D-6068-4920-9C24-234EC6881C56}"
EndProject
Project("{2150E333-8FDC-42A3-9474-1A3956D46DE8}") = "2_Files", "2_Files", "{FC3E13DE-009F-4A59-B84A-4E2E9FF4456F}"
EndProject
Project("{9A19103F-16F7-4668-BE54-9A1E7A4F7556}") = "PGVaxBook.Infra.Files", "PGVaxBook.Infra.Files\PGVaxBook.Infra.Files.csproj", "{2950C03C-B63E-46FB-8FAF-F807047FCB1C}"
EndProject
Project("{2150E333-8FDC-42A3-9474-1A3956D46DE8}") = "src", "src", "{0CEB667B-6779-4F99-B7B8-304ED6E7FC40}"
EndProject
Project("{2150E333-8FDC-42A3-9474-1A3956D46DE8}") = "docs", "docs", "{A5C34724-C63D-4992-BAC6-A7EBCEFD8554}"
EndProject
Project("{2150E333-8FDC-42A3-9474-1A3956D46DE8}") = "Architecture", "Architecture", "{4DD1886D-E91D-4E45-8EB8-C7A1CBD73537}"
	ProjectSection(SolutionItems) = preProject
		..\..\..\Downloads\PGVaxBook.drawio.png = ..\..\..\Downloads\PGVaxBook.drawio.png
		..\..\..\Downloads\PGVaxBook.drawio.xml = ..\..\..\Downloads\PGVaxBook.drawio.xml
	EndProjectSection
EndProject
Global
	GlobalSection(SolutionConfigurationPlatforms) = preSolution
		Debug|Any CPU = Debug|Any CPU
		Release|Any CPU = Release|Any CPU
	EndGlobalSection
	GlobalSection(ProjectConfigurationPlatforms) = postSolution
		{CF5A2484-F53B-4EB7-9C60-2603F4C5F8B4}.Debug|Any CPU.ActiveCfg = Debug|Any CPU
		{CF5A2484-F53B-4EB7-9C60-2603F4C5F8B4}.Debug|Any CPU.Build.0 = Debug|Any CPU
		{CF5A2484-F53B-4EB7-9C60-2603F4C5F8B4}.Release|Any CPU.ActiveCfg = Release|Any CPU
		{CF5A2484-F53B-4EB7-9C60-2603F4C5F8B4}.Release|Any CPU.Build.0 = Release|Any CPU
		{3C40EB73-3FA7-4045-8A16-D4813F7421B7}.Debug|Any CPU.ActiveCfg = Debug|Any CPU
		{3C40EB73-3FA7-4045-8A16-D4813F7421B7}.Debug|Any CPU.Build.0 = Debug|Any CPU
		{3C40EB73-3FA7-4045-8A16-D4813F7421B7}.Release|Any CPU.ActiveCfg = Release|Any CPU
		{3C40EB73-3FA7-4045-8A16-D4813F7421B7}.Release|Any CPU.Build.0 = Release|Any CPU
		{1BDF1299-B325-4F89-A984-3C2F0CA9D6C0}.Debug|Any CPU.ActiveCfg = Debug|Any CPU
		{1BDF1299-B325-4F89-A984-3C2F0CA9D6C0}.Debug|Any CPU.Build.0 = Debug|Any CPU
		{1BDF1299-B325-4F89-A984-3C2F0CA9D6C0}.Release|Any CPU.ActiveCfg = Release|Any CPU
		{1BDF1299-B325-4F89-A984-3C2F0CA9D6C0}.Release|Any CPU.Build.0 = Release|Any CPU
		{0250EC8B-C15B-4179-A60F-DBEA12223B95}.Debug|Any CPU.ActiveCfg = Debug|Any CPU
		{0250EC8B-C15B-4179-A60F-DBEA12223B95}.Debug|Any CPU.Build.0 = Debug|Any CPU
		{0250EC8B-C15B-4179-A60F-DBEA12223B95}.Release|Any CPU.ActiveCfg = Release|Any CPU
		{0250EC8B-C15B-4179-A60F-DBEA12223B95}.Release|Any CPU.Build.0 = Release|Any CPU
		{071BAD14-BCB7-4E4F-BAF1-CD184995D64E}.Debug|Any CPU.ActiveCfg = Debug|Any CPU
		{071BAD14-BCB7-4E4F-BAF1-CD184995D64E}.Debug|Any CPU.Build.0 = Debug|Any CPU
		{071BAD14-BCB7-4E4F-BAF1-CD184995D64E}.Release|Any CPU.ActiveCfg = Release|Any CPU
		{071BAD14-BCB7-4E4F-BAF1-CD184995D64E}.Release|Any CPU.Build.0 = Release|Any CPU
		{48D12CBD-BC01-42C9-958E-4C0DE379D650}.Debug|Any CPU.ActiveCfg = Debug|Any CPU
		{48D12CBD-BC01-42C9-958E-4C0DE379D650}.Debug|Any CPU.Build.0 = Debug|Any CPU
		{48D12CBD-BC01-42C9-958E-4C0DE379D650}.Release|Any CPU.ActiveCfg = Release|Any CPU
		{48D12CBD-BC01-42C9-958E-4C0DE379D650}.Release|Any CPU.Build.0 = Release|Any CPU
		{8B3011A6-363B-4868-9F13-2FA7C49683BC}.Debug|Any CPU.ActiveCfg = Debug|Any CPU
		{8B3011A6-363B-4868-9F13-2FA7C49683BC}.Debug|Any CPU.Build.0 = Debug|Any CPU
		{8B3011A6-363B-4868-9F13-2FA7C49683BC}.Release|Any CPU.ActiveCfg = Release|Any CPU
		{8B3011A6-363B-4868-9F13-2FA7C49683BC}.Release|Any CPU.Build.0 = Release|Any CPU
		{7BA32EE1-D0F1-4E2F-97E8-647760B2D97D}.Debug|Any CPU.ActiveCfg = Debug|Any CPU
		{7BA32EE1-D0F1-4E2F-97E8-647760B2D97D}.Debug|Any CPU.Build.0 = Debug|Any CPU
		{7BA32EE1-D0F1-4E2F-97E8-647760B2D97D}.Release|Any CPU.ActiveCfg = Release|Any CPU
		{7BA32EE1-D0F1-4E2F-97E8-647760B2D97D}.Release|Any CPU.Build.0 = Release|Any CPU
		{472F453D-6068-4920-9C24-234EC6881C56}.Debug|Any CPU.ActiveCfg = Debug|Any CPU
		{472F453D-6068-4920-9C24-234EC6881C56}.Debug|Any CPU.Build.0 = Debug|Any CPU
		{472F453D-6068-4920-9C24-234EC6881C56}.Release|Any CPU.ActiveCfg = Release|Any CPU
		{472F453D-6068-4920-9C24-234EC6881C56}.Release|Any CPU.Build.0 = Release|Any CPU
		{2950C03C-B63E-46FB-8FAF-F807047FCB1C}.Debug|Any CPU.ActiveCfg = Debug|Any CPU
		{2950C03C-B63E-46FB-8FAF-F807047FCB1C}.Debug|Any CPU.Build.0 = Debug|Any CPU
		{2950C03C-B63E-46FB-8FAF-F807047FCB1C}.Release|Any CPU.ActiveCfg = Release|Any CPU
		{2950C03C-B63E-46FB-8FAF-F807047FCB1C}.Release|Any CPU.Build.0 = Release|Any CPU
	EndGlobalSection
	GlobalSection(SolutionProperties) = preSolution
		HideSolutionNode = FALSE
	EndGlobalSection
	GlobalSection(NestedProjects) = preSolution
		{86388276-ABDA-4031-BA9B-620D4E607335} = {0CEB667B-6779-4F99-B7B8-304ED6E7FC40}
		{EF3B3DB1-832E-4620-8120-EFFFB3D27170} = {0CEB667B-6779-4F99-B7B8-304ED6E7FC40}
		{AB0A1974-2D33-44E1-BE11-880B1785B2F1} = {0CEB667B-6779-4F99-B7B8-304ED6E7FC40}
		{0A123D43-20AF-412B-A0CF-0746CDDE582B} = {0CEB667B-6779-4F99-B7B8-304ED6E7FC40}
		{384C2530-6160-4E82-864C-42899F10A6E7} = {0CEB667B-6779-4F99-B7B8-304ED6E7FC40}
		{E6EA9AAA-4027-445F-A004-4E1CEFE8017F} = {0CEB667B-6779-4F99-B7B8-304ED6E7FC40}
		{78B21DDB-8C11-40A2-9FCD-E335AE690CCB} = {86388276-ABDA-4031-BA9B-620D4E607335}
		{CF5A2484-F53B-4EB7-9C60-2603F4C5F8B4} = {78B21DDB-8C11-40A2-9FCD-E335AE690CCB}
		{CF9F976C-DB39-4BEB-B009-EED205A610C6} = {EF3B3DB1-832E-4620-8120-EFFFB3D27170}
		{450EB97D-7293-40F3-AC78-EAE0EECD2E46} = {EF3B3DB1-832E-4620-8120-EFFFB3D27170}
		{F0AA4761-74D1-4393-88FF-670776E86446} = {EF3B3DB1-832E-4620-8120-EFFFB3D27170}
		{3C40EB73-3FA7-4045-8A16-D4813F7421B7} = {AB0A1974-2D33-44E1-BE11-880B1785B2F1}
		{1BDF1299-B325-4F89-A984-3C2F0CA9D6C0} = {0A123D43-20AF-412B-A0CF-0746CDDE582B}
		{7294E43F-22EB-4402-9151-2C79FEA953B7} = {E6EA9AAA-4027-445F-A004-4E1CEFE8017F}
		{0250EC8B-C15B-4179-A60F-DBEA12223B95} = {7294E43F-22EB-4402-9151-2C79FEA953B7}
		{3BFFB893-34F3-4FCF-A459-6D254C00A340} = {E6EA9AAA-4027-445F-A004-4E1CEFE8017F}
		{071BAD14-BCB7-4E4F-BAF1-CD184995D64E} = {CF9F976C-DB39-4BEB-B009-EED205A610C6}
		{48D12CBD-BC01-42C9-958E-4C0DE379D650} = {450EB97D-7293-40F3-AC78-EAE0EECD2E46}
		{8B3011A6-363B-4868-9F13-2FA7C49683BC} = {3BFFB893-34F3-4FCF-A459-6D254C00A340}
		{8262046A-0E04-4D07-8464-C2DBAA219B03} = {E6EA9AAA-4027-445F-A004-4E1CEFE8017F}
		{7BA32EE1-D0F1-4E2F-97E8-647760B2D97D} = {8262046A-0E04-4D07-8464-C2DBAA219B03}
		{A1F17755-3DB3-4440-9A83-3B02703698C7} = {384C2530-6160-4E82-864C-42899F10A6E7}
		{472F453D-6068-4920-9C24-234EC6881C56} = {A1F17755-3DB3-4440-9A83-3B02703698C7}
		{FC3E13DE-009F-4A59-B84A-4E2E9FF4456F} = {384C2530-6160-4E82-864C-42899F10A6E7}
		{2950C03C-B63E-46FB-8FAF-F807047FCB1C} = {FC3E13DE-009F-4A59-B84A-4E2E9FF4456F}
		{4DD1886D-E91D-4E45-8EB8-C7A1CBD73537} = {A5C34724-C63D-4992-BAC6-A7EBCEFD8554}
	EndGlobalSection
	GlobalSection(ExtensibilityGlobals) = postSolution
		SolutionGuid = {34E3D8EF-A054-4CC1-9138-03B413506D86}
	EndGlobalSection
EndGlobal
